# This file is generated by running "yarn install" inside your project.
# Manual changes might be lost - proceed with caution!

__metadata:
  version: 4
  cacheKey: 8

"@arcanis/slice-ansi@npm:^1.0.2":
  version: 1.0.2
  resolution: "@arcanis/slice-ansi@npm:1.0.2"
  dependencies:
    grapheme-splitter: ^1.0.4
  checksum: b66e05fa25e42172a4f32aa8a5372203227f1b0e1c5d7879f45217a0fd0a5506a0f53f677ee532b8c92e53ce8404fdd60ba4cd83cfb806a19ad6472e6b75170b
  languageName: node
  linkType: hard

"@nodelib/fs.scandir@npm:2.1.3":
  version: 2.1.3
  resolution: "@nodelib/fs.scandir@npm:2.1.3"
  dependencies:
    "@nodelib/fs.stat": 2.0.3
    run-parallel: ^1.1.9
  checksum: 0054efbba1385629886fe017d99f7045cb8300d6de1923f7a37e05e480c853abbedaff90f6a6b88fd0d406e1cd1e97fb60bd4e059b44468b174f46bef2e21dd1
  languageName: node
  linkType: hard

"@nodelib/fs.stat@npm:2.0.3, @nodelib/fs.stat@npm:^2.0.2":
  version: 2.0.3
  resolution: "@nodelib/fs.stat@npm:2.0.3"
  checksum: d3612efceea83fb0bec4e64967888ff0c3e5fbbae96121bc526bbbe5529f32fc6f8a785b550f397d20f09c84dc1e5a6c8e9fd7f9b8b62387a8f80f680be8430e
  languageName: node
  linkType: hard

"@nodelib/fs.walk@npm:^1.2.3":
  version: 1.2.4
  resolution: "@nodelib/fs.walk@npm:1.2.4"
  dependencies:
    "@nodelib/fs.scandir": 2.1.3
    fastq: ^1.6.0
  checksum: a971d1dcc1cf593e25651738e915be201053b63775c39c1ee221d2adee6316503ad6043136ceda0e099724875f2d72ea04b3b57c0e3a20b7f280bd3e951ae2e4
  languageName: node
  linkType: hard

"@sindresorhus/is@npm:^3.1.1":
  version: 3.1.2
  resolution: "@sindresorhus/is@npm:3.1.2"
  checksum: 6b68b2c0bc36beda9442c64e40e2e971999b0814af610a52d5c0bda2213061ff63d158912bd494dc8b8fa5c027ed13ec5947e4902dd9a315b2f2337221dbcb7f
  languageName: node
  linkType: hard

"@szmarczak/http-timer@npm:^4.0.5":
  version: 4.0.5
  resolution: "@szmarczak/http-timer@npm:4.0.5"
  dependencies:
    defer-to-connect: ^2.0.0
  checksum: 27b713859bc7d370f81631eea99879a9d496e1def5d33752fccd6c80dba32cde2094f378c8d07d56f236b08afb4b3621fbf6254faaca52b1a8146ece1eba8428
  languageName: node
  linkType: hard

"@types/cacheable-request@npm:^6.0.1":
  version: 6.0.1
  resolution: "@types/cacheable-request@npm:6.0.1"
  dependencies:
    "@types/http-cache-semantics": "*"
    "@types/keyv": "*"
    "@types/node": "*"
    "@types/responselike": "*"
  checksum: c25b1bfa2f4f2cc1ca8e1bebad99f2e2c502a3fc09b5270765bfd6b57b1b73b9fab7127acb618beb04c646534a21c62b052aa6942bdfc461ee49387ec9975cd5
  languageName: node
  linkType: hard

"@types/emscripten@npm:^1.38.0":
  version: 1.39.4
  resolution: "@types/emscripten@npm:1.39.4"
  checksum: 7a51e08b2230b9b8f29db095703499c0c7a8e8195d5de288fc8583f4599f07172d700df89931e26eaab4f54ccc114d266373da6d15a711ef7a41b2dd6d450ccf
  languageName: node
  linkType: hard

"@types/http-cache-semantics@npm:*":
  version: 4.0.0
  resolution: "@types/http-cache-semantics@npm:4.0.0"
  checksum: c820774eb1d9d8d0c13077834e870cc1afd2500dc9d0ac1b67abc050c7c115aee4024f90fda65b50babc258de0464fc4459709e4fa12552f65094328e5a551c6
  languageName: node
  linkType: hard

"@types/keyv@npm:*":
  version: 3.1.1
  resolution: "@types/keyv@npm:3.1.1"
  dependencies:
    "@types/node": "*"
  checksum: ee0d098693bf4af44be756eed02daf95f5d0fd4b5b02da952a5952e08842baddf6a986a9ea5f9e460729782f1a0a47848c892ad96ea188b66a363feb49a1536f
  languageName: node
  linkType: hard

"@types/node@npm:*, @types/node@npm:^13.7.0":
  version: 13.13.21
  resolution: "@types/node@npm:13.13.21"
  checksum: ef297717350100ddd057d99443232a4724e5e34afc7ca73959f8be59c7c7c782ab368ce01bc937829c0246995f017ed0ba0c3d13a71a13280e2ace08e95a2769
  languageName: node
  linkType: hard

"@types/node@npm:^14.11.2":
  version: 14.11.2
  resolution: "@types/node@npm:14.11.2"
  checksum: d1c5277b171200716c9c01f2545601c322182aea2c7c50722294f910c8924c2bfc1c4b5353d876277d69df3cf117a9d44d2cc339cf1878ae08a9b8f5318c26a8
  languageName: node
  linkType: hard

"@types/responselike@npm:*, @types/responselike@npm:^1.0.0":
  version: 1.0.0
  resolution: "@types/responselike@npm:1.0.0"
  dependencies:
    "@types/node": "*"
  checksum: e99fc7cc6265407987b30deda54c1c24bb1478803faf6037557a774b2f034c5b097ffd65847daa87e82a61a250d919f35c3588654b0fdaa816906650f596d1b0
  languageName: node
  linkType: hard

"@types/semver@npm:^7.1.0":
  version: 7.3.4
  resolution: "@types/semver@npm:7.3.4"
  checksum: 577dc7f607fbf46cf185f61ba726e4cfecea41c4b17e55069e70a64b6cd92658f8286aa075a607303455658e87ed045d3d14c32a513c0eff381d64aecd7b72a7
  languageName: node
  linkType: hard

"@types/treeify@npm:^1.0.0":
  version: 1.0.0
  resolution: "@types/treeify@npm:1.0.0"
  checksum: 1b2397030d13beee7f82b878ca80feeddb0d550a6b00d8be30082a370c0ac5985ecf7b9378cf93ea278ff00c3e900b416ae8d9379f2c7e8caecdece1dfc77380
  languageName: node
  linkType: hard

"@yarnpkg/core@npm:^2.3.0":
  version: 2.3.0
  resolution: "@yarnpkg/core@npm:2.3.0"
  dependencies:
    "@arcanis/slice-ansi": ^1.0.2
    "@types/semver": ^7.1.0
    "@types/treeify": ^1.0.0
    "@yarnpkg/fslib": ^2.2.2
    "@yarnpkg/json-proxy": ^2.1.0
    "@yarnpkg/libzip": ^2.2.1
    "@yarnpkg/parsers": ^2.2.1
    "@yarnpkg/pnp": ^2.3.0
    "@yarnpkg/shell": ^2.3.0
    binjumper: ^0.1.0
    camelcase: ^5.3.1
    chalk: ^3.0.0
    ci-info: ^2.0.0
    clipanion: ^2.6.2
    cross-spawn: 7.0.3
    diff: ^4.0.1
    globby: ^11.0.1
    got: ^11.1.3
    json-file-plus: ^3.3.1
    lodash: ^4.17.15
    logic-solver: ^2.0.1
    micromatch: ^4.0.2
    mkdirp: ^0.5.1
    p-limit: ^2.2.0
    pluralize: ^7.0.0
    pretty-bytes: ^5.1.0
    semver: ^7.1.2
    stream-to-promise: ^2.2.0
    tar-stream: ^2.0.1
    treeify: ^1.1.0
    tslib: ^1.13.0
    tunnel: ^0.0.6
  checksum: 9749d36458108fc4d7d9b6a8846a08b79a24291173bbc4e1b0b0451a65f79cc8f415dda7bf0e0552bbf8cbc58de9bbdf732194d6468f3397b9a30ce03c98f386
  languageName: node
  linkType: hard

"@yarnpkg/fslib@npm:^2.1.0, @yarnpkg/fslib@npm:^2.2.2":
  version: 2.2.2
  resolution: "@yarnpkg/fslib@npm:2.2.2"
  dependencies:
    "@yarnpkg/libzip": ^2.2.1
    tslib: ^1.13.0
  checksum: 2b64768ccbd455c695f532cb3023b72eafb13a00d8c97cc97c2d30a02219bc98cd62cbd4796141d2fc8703a7e19bae49e22b3ef9ced89d52f04a2f24cc7fba80
  languageName: node
  linkType: hard

"@yarnpkg/json-proxy@npm:^2.1.0":
  version: 2.1.0
  resolution: "@yarnpkg/json-proxy@npm:2.1.0"
  dependencies:
    "@yarnpkg/fslib": ^2.1.0
    tslib: ^1.13.0
  checksum: f381d7be9da2d1414706e66ba3f593c78c6eabeb2aea95f9905a332689d654e840676dd0fbe6580eb451bb31eeba015ddab653281006b66e95ce5ebe1e8971b2
  languageName: node
  linkType: hard

"@yarnpkg/libzip@npm:^2.2.1":
  version: 2.2.1
  resolution: "@yarnpkg/libzip@npm:2.2.1"
  dependencies:
    "@types/emscripten": ^1.38.0
    tslib: ^1.13.0
  checksum: 396f6d22f5b159ada98636436189a7059b6914f1c788e6cf5a7b50a5a1cab65557cb2b2b1ab04fac1c05006370312e9aa23887ad3e7e8d8d73409e9c0b9c0888
  languageName: node
  linkType: hard

"@yarnpkg/parsers@npm:^2.2.1":
  version: 2.2.1
  resolution: "@yarnpkg/parsers@npm:2.2.1"
  dependencies:
    js-yaml: ^3.10.0
    tslib: ^1.13.0
  checksum: a204772ad4eae99281f192e29bed4c287a455a31298ea647200e3c12c56d9c58084300aac5ce8a5c5b5f28df2e1e517596eb711cece6213c44f87b75e6015c77
  languageName: node
  linkType: hard

"@yarnpkg/pnp@npm:^2.3.0":
  version: 2.3.0
  resolution: "@yarnpkg/pnp@npm:2.3.0"
  dependencies:
    "@types/node": ^13.7.0
    "@yarnpkg/fslib": ^2.2.2
    tslib: ^1.13.0
  checksum: b185fde89471cf3dfaac8d5457e1001a6dc39894dde45663ecc9593a07c5d7855da4b623d69ddaf824a3f11e96e330717df1a05d578b687e0ebeeee45f192ada
  languageName: node
  linkType: hard

"@yarnpkg/pnpify@npm:^2.3.1":
  version: 2.3.1
  resolution: "@yarnpkg/pnpify@npm:2.3.1"
  dependencies:
    "@yarnpkg/core": ^2.3.0
    "@yarnpkg/fslib": ^2.2.2
    "@yarnpkg/parsers": ^2.2.1
    chalk: ^3.0.0
    clipanion: ^2.6.2
    comment-json: ^2.2.0
    lodash: ^4.17.15
    tslib: ^1.13.0
  peerDependencies:
    eslint: "*"
    typescript: "*"
  peerDependenciesMeta:
    eslint:
      optional: true
    typescript:
      optional: true
  bin:
    pnpify: ./lib/cli.js
  checksum: e4ec99821a8d694d9df509879838b25f48fc8a670bd4c3b47ee731bbf90b25a5733a4b0e26db130818426b0bc73c398dc224cb3ac1509a0296fe35cfa037a4b5
  languageName: node
  linkType: hard

"@yarnpkg/shell@npm:^2.3.0":
  version: 2.3.0
  resolution: "@yarnpkg/shell@npm:2.3.0"
  dependencies:
    "@yarnpkg/fslib": ^2.2.2
    "@yarnpkg/parsers": ^2.2.1
    clipanion: ^2.6.2
    cross-spawn: 7.0.3
    fast-glob: ^3.2.2
    micromatch: ^4.0.2
    stream-buffers: ^3.0.2
    tslib: ^1.13.0
  bin:
    shell: ./lib/cli.js
  checksum: 47281be7e9e59a4a1efd42abc06f7b78f27faa5ab8c45b0dfcff3755820cdc3f025e82805f384fddb32d739e6751825a76602006232cca85982b9177e06a4154
  languageName: node
  linkType: hard

"ansi-styles@npm:^4.1.0":
  version: 4.3.0
  resolution: "ansi-styles@npm:4.3.0"
  dependencies:
    color-convert: ^2.0.1
  checksum: 513b44c3b2105dd14cc42a19271e80f386466c4be574bccf60b627432f9198571ebf4ab1e4c3ba17347658f4ee1711c163d574248c0c1cdc2d5917a0ad582ec4
  languageName: node
  linkType: hard

"any-promise@npm:^1.1.0, any-promise@npm:~1.3.0":
  version: 1.3.0
  resolution: "any-promise@npm:1.3.0"
  checksum: 0ee8a9bdbe882c90464d75d1f55cf027f5458650c4bd1f0467e65aec38ccccda07ca5844969ee77ed46d04e7dded3eaceb027e8d32f385688523fe305fa7e1de
  languageName: node
  linkType: hard

"app@workspace:packages/app":
  version: 0.0.0-use.local
  resolution: "app@workspace:packages/app"
  dependencies:
    "@types/node": ^14.11.2
    lib: "workspace:*"
    lib2: "workspace:*"
    lodash: 4.17.20
    shared: "workspace:*"
    tslib: ^2.0.1
    typescript: ^4.3.5
  languageName: unknown
  linkType: soft

"argparse@npm:^1.0.7":
  version: 1.0.10
  resolution: "argparse@npm:1.0.10"
  dependencies:
    sprintf-js: ~1.0.2
  checksum: 7ca6e45583a28de7258e39e13d81e925cfa25d7d4aacbf806a382d3c02fcb13403a07fb8aeef949f10a7cfe4a62da0e2e807b348a5980554cc28ee573ef95945
  languageName: node
  linkType: hard

"array-union@npm:^2.1.0":
  version: 2.1.0
  resolution: "array-union@npm:2.1.0"
  checksum: 5bee12395cba82da674931df6d0fea23c4aa4660cb3b338ced9f828782a65caa232573e6bf3968f23e0c5eb301764a382cef2f128b170a9dc59de0e36c39f98d
  languageName: node
  linkType: hard

"asap@npm:~2.0.3":
  version: 2.0.6
  resolution: "asap@npm:2.0.6"
  checksum: b296c92c4b969e973260e47523207cd5769abd27c245a68c26dc7a0fe8053c55bb04360237cb51cab1df52be939da77150ace99ad331fb7fb13b3423ed73ff3d
  languageName: node
  linkType: hard

"base64-js@npm:^1.0.2":
  version: 1.3.1
  resolution: "base64-js@npm:1.3.1"
  checksum: 957b9ced0ea1b39588a117193f801b045a5fb2d6f1b9943dd304bcad46e5681bf837fe092105692b11653658e8443764139d6b11d3c4037093b96e8db4e1dbb2
  languageName: node
  linkType: hard

"binjumper@npm:^0.1.0":
  version: 0.1.2
  resolution: "binjumper@npm:0.1.2"
  checksum: ae8bb0e3c93d7b73553ea1949e437c1ede3a67fc194a381327bc322cdb7da41c8ac42c4b3474e8202fc7df4b908b870b722399710a24289454565e05c29175c4
  languageName: node
  linkType: hard

"bl@npm:^4.0.3":
  version: 4.0.3
  resolution: "bl@npm:4.0.3"
  dependencies:
    buffer: ^5.5.0
    inherits: ^2.0.4
    readable-stream: ^3.4.0
  checksum: 4e011e5985ebecfc4ec2874f12e3d094b4e516610686caa26d93b07961c8053545e607d6fb1d6ba16559ac2b3dba3e8517a68380b377e58ab73fa09831319c29
  languageName: node
  linkType: hard

"braces@npm:^3.0.1":
  version: 3.0.2
  resolution: "braces@npm:3.0.2"
  dependencies:
    fill-range: ^7.0.1
  checksum: e2a8e769a863f3d4ee887b5fe21f63193a891c68b612ddb4b68d82d1b5f3ff9073af066c343e9867a393fe4c2555dcb33e89b937195feb9c1613d259edfcd459
  languageName: node
  linkType: hard

"buffer@npm:^5.5.0":
  version: 5.6.0
  resolution: "buffer@npm:5.6.0"
  dependencies:
    base64-js: ^1.0.2
    ieee754: ^1.1.4
  checksum: d659494c5032dd39d03d2912e64179cc44c6340e7e9d1f68d3840e7ab4559989fbce92b4950174593c38d05268224235ba404f0878775cab2a616b6dcad9c23e
  languageName: node
  linkType: hard

"cacheable-lookup@npm:^5.0.3":
  version: 5.0.3
  resolution: "cacheable-lookup@npm:5.0.3"
  checksum: ad5a6d5cd1630ab03b63741b610f3ed71593879b3de9ba43e6767129b2cbb8303fe24af4ec808584531a85c5605a614902cfdc41f5b6200d8c5f029d6b90c430
  languageName: node
  linkType: hard

"cacheable-request@npm:^7.0.1":
  version: 7.0.1
  resolution: "cacheable-request@npm:7.0.1"
  dependencies:
    clone-response: ^1.0.2
    get-stream: ^5.1.0
    http-cache-semantics: ^4.0.0
    keyv: ^4.0.0
    lowercase-keys: ^2.0.0
    normalize-url: ^4.1.0
    responselike: ^2.0.0
  checksum: 558cbc4785c9692953c4c62c0afafe3071912a06778b14daa212ef1e220d338c86c956661572c172f73315e0a30ecc8797bae975f3cfd19e2e7c3bf341c6291e
  languageName: node
  linkType: hard

"camelcase@npm:^5.3.1":
  version: 5.3.1
  resolution: "camelcase@npm:5.3.1"
  checksum: e6effce26b9404e3c0f301498184f243811c30dfe6d0b9051863bd8e4034d09c8c2923794f280d6827e5aa055f6c434115ff97864a16a963366fb35fd673024b
  languageName: node
  linkType: hard

"chalk@npm:^3.0.0":
  version: 3.0.0
  resolution: "chalk@npm:3.0.0"
  dependencies:
    ansi-styles: ^4.1.0
    supports-color: ^7.1.0
  checksum: 8e3ddf3981c4da405ddbd7d9c8d91944ddf6e33d6837756979f7840a29272a69a5189ecae0ff84006750d6d1e92368d413335eab4db5476db6e6703a1d1e0505
  languageName: node
  linkType: hard

"ci-info@npm:^2.0.0":
  version: 2.0.0
  resolution: "ci-info@npm:2.0.0"
  checksum: 3b374666a85ea3ca43fa49aa3a048d21c9b475c96eb13c133505d2324e7ae5efd6a454f41efe46a152269e9b6a00c9edbe63ec7fa1921957165aae16625acd67
  languageName: node
  linkType: hard

"clipanion@npm:^2.6.2":
  version: 2.6.2
  resolution: "clipanion@npm:2.6.2"
  checksum: 7a1dfc8c9ae70362fc12a8d148827b584f598c9f983143a847b33a84ec8a8c3a51e5888131a3e9847cddfa38096d17a38ced870ee2fd4bef5babb971ec198287
  languageName: node
  linkType: hard

"clone-response@npm:^1.0.2":
  version: 1.0.2
  resolution: "clone-response@npm:1.0.2"
  dependencies:
    mimic-response: ^1.0.0
  checksum: 2d0e61547fc66276e0903be9654ada422515f5a15741691352000d47e8c00c226061221074ce2c0064d12e975e84a8687cfd35d8b405750cb4e772f87b256eda
  languageName: node
  linkType: hard

"color-convert@npm:^2.0.1":
  version: 2.0.1
  resolution: "color-convert@npm:2.0.1"
  dependencies:
    color-name: ~1.1.4
  checksum: 79e6bdb9fd479a205c71d89574fccfb22bd9053bd98c6c4d870d65c132e5e904e6034978e55b43d69fcaa7433af2016ee203ce76eeba9cfa554b373e7f7db336
  languageName: node
  linkType: hard

"color-name@npm:~1.1.4":
  version: 1.1.4
  resolution: "color-name@npm:1.1.4"
  checksum: b0445859521eb4021cd0fb0cc1a75cecf67fceecae89b63f62b201cca8d345baf8b952c966862a9d9a2632987d4f6581f0ec8d957dfacece86f0a7919316f610
  languageName: node
  linkType: hard

"comment-json@npm:^2.2.0":
  version: 2.4.2
  resolution: "comment-json@npm:2.4.2"
  dependencies:
    core-util-is: ^1.0.2
    esprima: ^4.0.1
    has-own-prop: ^2.0.0
    repeat-string: ^1.6.1
  checksum: 1e52aa6ddc7aaab4b66b2fbca8758f1035c9ea42bacf7ccd3c446a46b635fff83366cd8a490043675a345402a13675a9e22581671ebbd202e6987ecb6d4d5280
  languageName: node
  linkType: hard

"core-util-is@npm:^1.0.2":
  version: 1.0.2
  resolution: "core-util-is@npm:1.0.2"
  checksum: 7a4c925b497a2c91421e25bf76d6d8190f0b2359a9200dbeed136e63b2931d6294d3b1893eda378883ed363cd950f44a12a401384c609839ea616befb7927dab
  languageName: node
  linkType: hard

"cross-spawn@npm:7.0.3":
  version: 7.0.3
  resolution: "cross-spawn@npm:7.0.3"
  dependencies:
    path-key: ^3.1.0
    shebang-command: ^2.0.0
    which: ^2.0.1
  checksum: 671cc7c7288c3a8406f3c69a3ae2fc85555c04169e9d611def9a675635472614f1c0ed0ef80955d5b6d4e724f6ced67f0ad1bb006c2ea643488fcfef994d7f52
  languageName: node
  linkType: hard

"decompress-response@npm:^6.0.0":
  version: 6.0.0
  resolution: "decompress-response@npm:6.0.0"
  dependencies:
    mimic-response: ^3.1.0
  checksum: d377cf47e02d805e283866c3f50d3d21578b779731e8c5072d6ce8c13cc31493db1c2f6784da9d1d5250822120cefa44f1deab112d5981015f2e17444b763812
  languageName: node
  linkType: hard

"defer-to-connect@npm:^2.0.0":
  version: 2.0.0
  resolution: "defer-to-connect@npm:2.0.0"
  checksum: 635a01644ea6b52268a9b15c3196ec3a4cb01f874ff09d3ec7858c4aac0ea12ac554aa8831b7ac8ae88c4761e1653f8ea05cf5eebd1236b7bedfde34db52813c
  languageName: node
  linkType: hard

"define-properties@npm:^1.1.3":
  version: 1.1.3
  resolution: "define-properties@npm:1.1.3"
  dependencies:
    object-keys: ^1.0.12
  checksum: da80dba55d0cd76a5a7ab71ef6ea0ebcb7b941f803793e4e0257b384cb772038faa0c31659d244e82c4342edef841c1a1212580006a05a5068ee48223d787317
  languageName: node
  linkType: hard

"diff@npm:^4.0.1":
  version: 4.0.2
  resolution: "diff@npm:4.0.2"
  checksum: f2c09b0ce4e6b301c221addd83bf3f454c0bc00caa3dd837cf6c127d6edf7223aa2bbe3b688feea110b7f262adbfc845b757c44c8a9f8c0c5b15d8fa9ce9d20d
  languageName: node
  linkType: hard

"dir-glob@npm:^3.0.1":
  version: 3.0.1
  resolution: "dir-glob@npm:3.0.1"
  dependencies:
    path-type: ^4.0.0
  checksum: fa05e18324510d7283f55862f3161c6759a3f2f8dbce491a2fc14c8324c498286c54282c1f0e933cb930da8419b30679389499b919122952a4f8592362ef4615
  languageName: node
  linkType: hard

"end-of-stream@npm:^1.1.0, end-of-stream@npm:^1.4.1":
  version: 1.4.4
  resolution: "end-of-stream@npm:1.4.4"
  dependencies:
    once: ^1.4.0
  checksum: 530a5a5a1e517e962854a31693dbb5c0b2fc40b46dad2a56a2deec656ca040631124f4795823acc68238147805f8b021abbe221f4afed5ef3c8e8efc2024908b
  languageName: node
  linkType: hard

"end-of-stream@npm:~1.1.0":
  version: 1.1.0
  resolution: "end-of-stream@npm:1.1.0"
  dependencies:
    once: ~1.3.0
  checksum: 9fa637e259e50e5e3634e8e14064a183bd0d407733594631362f9df596409739bef5f7064840e6725212a9edc8b4a70a5a3088ac423e8564f9dc183dd098c719
  languageName: node
  linkType: hard

"es-abstract@npm:^1.17.5":
  version: 1.17.7
  resolution: "es-abstract@npm:1.17.7"
  dependencies:
    es-to-primitive: ^1.2.1
    function-bind: ^1.1.1
    has: ^1.0.3
    has-symbols: ^1.0.1
    is-callable: ^1.2.2
    is-regex: ^1.1.1
    object-inspect: ^1.8.0
    object-keys: ^1.1.1
    object.assign: ^4.1.1
    string.prototype.trimend: ^1.0.1
    string.prototype.trimstart: ^1.0.1
  checksum: 0863830708ebbb7aa5555746278ad9825cda6c58009f006d62342131277364309793441439a33daf51e0b1d042bff4711b4d8ecda16ca64f8a113faa46d94ac2
  languageName: node
  linkType: hard

"es-abstract@npm:^1.18.0-next.0":
  version: 1.18.0-next.1
  resolution: "es-abstract@npm:1.18.0-next.1"
  dependencies:
    es-to-primitive: ^1.2.1
    function-bind: ^1.1.1
    has: ^1.0.3
    has-symbols: ^1.0.1
    is-callable: ^1.2.2
    is-negative-zero: ^2.0.0
    is-regex: ^1.1.1
    object-inspect: ^1.8.0
    object-keys: ^1.1.1
    object.assign: ^4.1.1
    string.prototype.trimend: ^1.0.1
    string.prototype.trimstart: ^1.0.1
  checksum: 4797f1f6c8db002ad38a2cbb9d1709f9c39946fe3d26f85ae42431bb4c2aac20dcc1f8685a055aa2b7e61e320bb841b83becc340b940de31761944613d76c1a3
  languageName: node
  linkType: hard

"es-to-primitive@npm:^1.2.1":
  version: 1.2.1
  resolution: "es-to-primitive@npm:1.2.1"
  dependencies:
    is-callable: ^1.1.4
    is-date-object: ^1.0.1
    is-symbol: ^1.0.2
  checksum: 4ead6671a2c1402619bdd77f3503991232ca15e17e46222b0a41a5d81aebc8740a77822f5b3c965008e631153e9ef0580540007744521e72de8e33599fca2eed
  languageName: node
  linkType: hard

"esprima@npm:^4.0.0, esprima@npm:^4.0.1":
  version: 4.0.1
  resolution: "esprima@npm:4.0.1"
  bin:
    esparse: ./bin/esparse.js
    esvalidate: ./bin/esvalidate.js
  checksum: b45bc805a613dbea2835278c306b91aff6173c8d034223fa81498c77dcbce3b2931bf6006db816f62eacd9fd4ea975dfd85a5b7f3c6402cfd050d4ca3c13a628
  languageName: node
  linkType: hard

"fast-glob@npm:^3.1.1, fast-glob@npm:^3.2.2":
  version: 3.2.4
  resolution: "fast-glob@npm:3.2.4"
  dependencies:
    "@nodelib/fs.stat": ^2.0.2
    "@nodelib/fs.walk": ^1.2.3
    glob-parent: ^5.1.0
    merge2: ^1.3.0
    micromatch: ^4.0.2
    picomatch: ^2.2.1
  checksum: a70ce897b23e85521688b03897115315e8c781f2e5ee5f3b83e8c10df6a464e8be415c800f55c9c40278b41aeccc60883f018f76dde8250b8cf28e7566c13f75
  languageName: node
  linkType: hard

"fastq@npm:^1.6.0":
  version: 1.8.0
  resolution: "fastq@npm:1.8.0"
  dependencies:
    reusify: ^1.0.4
  checksum: f9ece30617a42670048bb5f73ec67570944205973443292854392b0b2b90b02cc4452beb866999d95fdf5f08f06215418c4118aadef86173968200407d44f933
  languageName: node
  linkType: hard

"fill-range@npm:^7.0.1":
  version: 7.0.1
  resolution: "fill-range@npm:7.0.1"
  dependencies:
    to-regex-range: ^5.0.1
  checksum: cc283f4e65b504259e64fd969bcf4def4eb08d85565e906b7d36516e87819db52029a76b6363d0f02d0d532f0033c9603b9e2d943d56ee3b0d4f7ad3328ff917
  languageName: node
  linkType: hard

"fs-constants@npm:^1.0.0":
  version: 1.0.0
  resolution: "fs-constants@npm:1.0.0"
  checksum: 18f5b718371816155849475ac36c7d0b24d39a11d91348cfcb308b4494824413e03572c403c86d3a260e049465518c4f0d5bd00f0371cdfcad6d4f30a85b350d
  languageName: node
  linkType: hard

"function-bind@npm:^1.1.1":
  version: 1.1.1
  resolution: "function-bind@npm:1.1.1"
  checksum: b32fbaebb3f8ec4969f033073b43f5c8befbb58f1a79e12f1d7490358150359ebd92f49e72ff0144f65f2c48ea2a605bff2d07965f548f6474fd8efd95bf361a
  languageName: node
  linkType: hard

"get-stream@npm:^5.1.0":
  version: 5.2.0
  resolution: "get-stream@npm:5.2.0"
  dependencies:
    pump: ^3.0.0
  checksum: 8bc1a23174a06b2b4ce600df38d6c98d2ef6d84e020c1ddad632ad75bac4e092eeb40e4c09e0761c35fc2dbc5e7fff5dab5e763a383582c4a167dd69a905bd12
  languageName: node
  linkType: hard

"glob-parent@npm:^5.1.0":
  version: 5.1.1
  resolution: "glob-parent@npm:5.1.1"
  dependencies:
    is-glob: ^4.0.1
  checksum: 9f9a19c8d441d9df51df5985b2280b084f5ebc07e0fe5de761f346cb707cc30e7d51fb51c0e82490730b6c0ca9c9a3d0c73e4a22861a3cf363cc745e01721dd4
  languageName: node
  linkType: hard

"globby@npm:^11.0.1":
  version: 11.0.1
  resolution: "globby@npm:11.0.1"
  dependencies:
    array-union: ^2.1.0
    dir-glob: ^3.0.1
    fast-glob: ^3.1.1
    ignore: ^5.1.4
    merge2: ^1.3.0
    slash: ^3.0.0
  checksum: b0b26e580666ef8caf0b0facd585c1da46eb971207ee9f8c7b690c1372d77602dd072f047f26c3ae1c293807fdf8fb6890d9291d37bc6d2602b1f07386f983e5
  languageName: node
  linkType: hard

"got@npm:^11.1.3":
  version: 11.7.0
  resolution: "got@npm:11.7.0"
  dependencies:
    "@sindresorhus/is": ^3.1.1
    "@szmarczak/http-timer": ^4.0.5
    "@types/cacheable-request": ^6.0.1
    "@types/responselike": ^1.0.0
    cacheable-lookup: ^5.0.3
    cacheable-request: ^7.0.1
    decompress-response: ^6.0.0
    http2-wrapper: ^1.0.0-beta.5.2
    lowercase-keys: ^2.0.0
    p-cancelable: ^2.0.0
    responselike: ^2.0.0
  checksum: 7ddec3a7672028909af784accf9635c07872bf541ce5841ef19742d3c6d90218b447dce32d51126daeed7d00cb58bdfeacc014477509996d64c6d2002263adbe
  languageName: node
  linkType: hard

"grapheme-splitter@npm:^1.0.4":
  version: 1.0.4
  resolution: "grapheme-splitter@npm:1.0.4"
  checksum: 0c22ec54dee1b05cd480f78cf14f732cb5b108edc073572c4ec205df4cd63f30f8db8025afc5debc8835a8ddeacf648a1c7992fe3dcd6ad38f9a476d84906620
  languageName: node
  linkType: hard

"has-flag@npm:^4.0.0":
  version: 4.0.0
  resolution: "has-flag@npm:4.0.0"
  checksum: 261a1357037ead75e338156b1f9452c016a37dcd3283a972a30d9e4a87441ba372c8b81f818cd0fbcd9c0354b4ae7e18b9e1afa1971164aef6d18c2b6095a8ad
  languageName: node
  linkType: hard

"has-own-prop@npm:^2.0.0":
  version: 2.0.0
  resolution: "has-own-prop@npm:2.0.0"
  checksum: ca6336e85ead2295c9603880cbc199e2d3ff7eaea0e9035d68fbc79892e9cf681abc62c0909520f112c671dad9961be2173b21dff951358cc98425c560e789e0
  languageName: node
  linkType: hard

"has-symbols@npm:^1.0.1":
  version: 1.0.1
  resolution: "has-symbols@npm:1.0.1"
  checksum: 4f09be6682f9fc29855ded1101ad2a0f5d559d7d9ed68f7b68be1ea213c23991216d08d6585bf3ff6fded6f526cc506bda528d276f083602b55d232f132cfa27
  languageName: node
  linkType: hard

"has@npm:^1.0.3":
  version: 1.0.3
  resolution: "has@npm:1.0.3"
  dependencies:
    function-bind: ^1.1.1
  checksum: b9ad53d53be4af90ce5d1c38331e712522417d017d5ef1ebd0507e07c2fbad8686fffb8e12ddecd4c39ca9b9b47431afbb975b8abf7f3c3b82c98e9aad052792
  languageName: node
  linkType: hard

"http-cache-semantics@npm:^4.0.0":
  version: 4.1.0
  resolution: "http-cache-semantics@npm:4.1.0"
  checksum: 974de94a81c5474be07f269f9fd8383e92ebb5a448208223bfb39e172a9dbc26feff250192ecc23b9593b3f92098e010406b0f24bd4d588d631f80214648ed42
  languageName: node
  linkType: hard

"http2-wrapper@npm:^1.0.0-beta.5.2":
  version: 1.0.0-beta.5.2
  resolution: "http2-wrapper@npm:1.0.0-beta.5.2"
  dependencies:
    quick-lru: ^5.1.1
    resolve-alpn: ^1.0.0
  checksum: c2b572ded523dbf52d8107f61791b527f85e9ce03e811f452e7e3c9e59925ebd1e757c60f8b46a549778675546e8ace189091a1764eb4601db46aa51292b84d0
  languageName: node
  linkType: hard

"ieee754@npm:^1.1.4":
  version: 1.1.13
  resolution: "ieee754@npm:1.1.13"
  checksum: 102df1ba662e316e6160f7ce29c7c7fa3e04f2014c288336c5a9ff40bbcc2a27d209fa2a81ebfb33f28b1941021343d30e9ad8ee85a2d61f79f5936c35edc33d
  languageName: node
  linkType: hard

"ignore@npm:^5.1.4":
  version: 5.1.8
  resolution: "ignore@npm:5.1.8"
  checksum: 967abadb61e2cb0e5c5e8c4e1686ab926f91bc1a4680d994b91947d3c65d04c3ae126dcdf67f08e0feeb8ff8407d453e641aeeddcc47a3a3cca359f283cf6121
  languageName: node
  linkType: hard

"inherits@npm:^2.0.3, inherits@npm:^2.0.4":
  version: 2.0.4
  resolution: "inherits@npm:2.0.4"
  checksum: 4a48a733847879d6cf6691860a6b1e3f0f4754176e4d71494c41f3475553768b10f84b5ce1d40fbd0e34e6bfbb864ee35858ad4dd2cf31e02fc4a154b724d7f1
  languageName: node
  linkType: hard

"is-callable@npm:^1.1.4, is-callable@npm:^1.1.5, is-callable@npm:^1.2.2":
  version: 1.2.2
  resolution: "is-callable@npm:1.2.2"
  checksum: 2bbf65bd5d39ccad3cae3954c482019466565a9b8027769a21cf2deebb25c195fb10f4974295b6118a815f6be3440bd7b7555ac742cf145f65a6a7d2484ebc3a
  languageName: node
  linkType: hard

"is-date-object@npm:^1.0.1":
  version: 1.0.2
  resolution: "is-date-object@npm:1.0.2"
  checksum: ac859426e5df031abd9d1eeed32a41cc0de06e47227bd972b8bc716460a9404654b3dba78f41e8171ccf535c4bfa6d72a8d1d15a0873f9646698af415e92c2fb
  languageName: node
  linkType: hard

"is-extglob@npm:^2.1.1":
  version: 2.1.1
  resolution: "is-extglob@npm:2.1.1"
  checksum: df033653d06d0eb567461e58a7a8c9f940bd8c22274b94bf7671ab36df5719791aae15eef6d83bbb5e23283967f2f984b8914559d4449efda578c775c4be6f85
  languageName: node
  linkType: hard

"is-glob@npm:^4.0.1":
  version: 4.0.1
  resolution: "is-glob@npm:4.0.1"
  dependencies:
    is-extglob: ^2.1.1
  checksum: 84627cad11b4e745f5db5a163f32c47b711585a5ff6e14f8f8d026db87f4cdd3e2c95f6fa1f94ad22e469f36d819ae2814f03f9c668b164422ac3354a94672d3
  languageName: node
  linkType: hard

"is-negative-zero@npm:^2.0.0":
  version: 2.0.0
  resolution: "is-negative-zero@npm:2.0.0"
  checksum: d9b402f8c248799f5dd6d6e87dccae6a23d3a5be96f8a66b8cbe5c31c810379e225760b2ecd75a6b6c4109f10f758d64c2bc0bd22456329f2f9d56e3935de415
  languageName: node
  linkType: hard

"is-number@npm:^7.0.0":
  version: 7.0.0
  resolution: "is-number@npm:7.0.0"
  checksum: 456ac6f8e0f3111ed34668a624e45315201dff921e5ac181f8ec24923b99e9f32ca1a194912dc79d539c97d33dba17dc635202ff0b2cf98326f608323276d27a
  languageName: node
  linkType: hard

"is-regex@npm:^1.1.1":
  version: 1.1.1
  resolution: "is-regex@npm:1.1.1"
  dependencies:
    has-symbols: ^1.0.1
  checksum: af1b307612f4405883ef42dec287884a9d6dc1e504ccc6232bbaf72faf25ee556f60aa62d68abb90487b390b9b83513d429365cd59f5c4362232bfe3b95b81a2
  languageName: node
  linkType: hard

"is-symbol@npm:^1.0.2":
  version: 1.0.3
  resolution: "is-symbol@npm:1.0.3"
  dependencies:
    has-symbols: ^1.0.1
  checksum: c6d54bd01218fa202da8ce91525ca41a907819be5f000df9ab9621467e087eb36f34b2dbfa51a2a699a282e860681ffa6a787d69e944ba99a46d3df553ff2798
  languageName: node
  linkType: hard

"is@npm:^3.2.1":
  version: 3.3.0
  resolution: "is@npm:3.3.0"
  checksum: 81fad3b40c606984c2d0699207c4c48d2a0d29cc834b274d0b74c172f3eeebdb981301fe0d690ce090a96bf021a8a1f8b1325262ad9870c525e557ac4a559c56
  languageName: node
  linkType: hard

"isexe@npm:^2.0.0":
  version: 2.0.0
  resolution: "isexe@npm:2.0.0"
  checksum: 26bf6c5480dda5161c820c5b5c751ae1e766c587b1f951ea3fcfc973bafb7831ae5b54a31a69bd670220e42e99ec154475025a468eae58ea262f813fdc8d1c62
  languageName: node
  linkType: hard

"js-yaml@npm:^3.10.0":
  version: 3.14.0
  resolution: "js-yaml@npm:3.14.0"
  dependencies:
    argparse: ^1.0.7
    esprima: ^4.0.0
  bin:
    js-yaml: bin/js-yaml.js
  checksum: a1a47c912ba20956f96cb0998dea2e74c7f7129d831fe33d3c5a16f3f83712ce405172a8dd1c26bf2b3ad74b54016d432ff727928670ae5a50a57a677c387949
  languageName: node
  linkType: hard

"json-buffer@npm:3.0.1":
  version: 3.0.1
  resolution: "json-buffer@npm:3.0.1"
  checksum: 9026b03edc2847eefa2e37646c579300a1f3a4586cfb62bf857832b60c852042d0d6ae55d1afb8926163fa54c2b01d83ae24705f34990348bdac6273a29d4581
  languageName: node
  linkType: hard

"json-file-plus@npm:^3.3.1":
  version: 3.3.1
  resolution: "json-file-plus@npm:3.3.1"
  dependencies:
    is: ^3.2.1
    node.extend: ^2.0.0
    object.assign: ^4.1.0
    promiseback: ^2.0.2
    safer-buffer: ^2.0.2
  checksum: 162c7a0c8f3e5a7eeea945aac4f2578c11567c87d3e2eafdd9db6972d1fc8657cc1e04b8a23ff3731759da794057a932f251a4db06a267abf5d181977753cf38
  languageName: node
  linkType: hard

"keyv@npm:^4.0.0":
  version: 4.0.3
  resolution: "keyv@npm:4.0.3"
  dependencies:
    json-buffer: 3.0.1
  checksum: 770134225c5320861748bf65f022e7ce100e465b85b28fe39036ef66f6190bb602aa8a57df365b9c745005d948fc1f0da99306062875a2f52700195e0b4d1033
  languageName: node
  linkType: hard

"lib2@workspace:*, lib2@workspace:packages/lib2":
  version: 0.0.0-use.local
  resolution: "lib2@workspace:packages/lib2"
  dependencies:
    "@types/node": ^14.11.2
    shared: "workspace:*"
    tslib: ^2.0.1
  peerDependencies:
    lodash: "*"
    shared: "*"
  languageName: unknown
  linkType: soft

"lib@workspace:*, lib@workspace:packages/lib":
  version: 0.0.0-use.local
  resolution: "lib@workspace:packages/lib"
  dependencies:
    "@types/node": ^14.11.2
    tslib: ^2.0.1
  peerDependencies:
    lodash: "*"
  languageName: unknown
  linkType: soft

"lodash@npm:4.17.20, lodash@npm:^4.17.15":
  version: 4.17.20
  resolution: "lodash@npm:4.17.20"
  checksum: b31afa09739b7292a88ec49ffdb2fcaeb41f690def010f7a067eeedffece32da6b6847bfe4d38a77e6f41778b9b2bca75eeab91209936518173271f0b69376ea
  languageName: node
  linkType: hard

"logic-solver@npm:^2.0.1":
  version: 2.0.1
  resolution: "logic-solver@npm:2.0.1"
  dependencies:
    underscore: ^1.7.0
  checksum: ee5d8786c352d3d57ccea7261bb16328998cb1265291c896202c8933c8d1dacec61f173dee61aa342eef983a0999017577e786343c9caecd222637496c22a932
  languageName: node
  linkType: hard

"lowercase-keys@npm:^2.0.0":
  version: 2.0.0
  resolution: "lowercase-keys@npm:2.0.0"
  checksum: 24d7ebd56ccdf15ff529ca9e08863f3c54b0b9d1edb97a3ae1af34940ae666c01a1e6d200707bce730a8ef76cb57cc10e65f245ecaaf7e6bc8639f2fb460ac23
  languageName: node
  linkType: hard

"merge2@npm:^1.3.0":
  version: 1.4.1
  resolution: "merge2@npm:1.4.1"
  checksum: 7268db63ed5169466540b6fb947aec313200bcf6d40c5ab722c22e242f651994619bcd85601602972d3c85bd2cc45a358a4c61937e9f11a061919a1da569b0c2
  languageName: node
  linkType: hard

"micromatch@npm:^4.0.2":
  version: 4.0.2
  resolution: "micromatch@npm:4.0.2"
  dependencies:
    braces: ^3.0.1
    picomatch: ^2.0.5
  checksum: 39590a96d9ffad21f0afac044d0a5af4f33715a16fdd82c53a01c8f5ff6f70832a31b53e52972dac3deff8bf9f0bed0207d1c34e54ab3306a5e4c4efd5f7d249
  languageName: node
  linkType: hard

"mimic-response@npm:^1.0.0":
  version: 1.0.1
  resolution: "mimic-response@npm:1.0.1"
  checksum: 034c78753b0e622bc03c983663b1cdf66d03861050e0c8606563d149bc2b02d63f62ce4d32be4ab50d0553ae0ffe647fc34d1f5281184c6e1e8cf4d85e8d9823
  languageName: node
  linkType: hard

"mimic-response@npm:^3.1.0":
  version: 3.1.0
  resolution: "mimic-response@npm:3.1.0"
  checksum: 25739fee32c17f433626bf19f016df9036b75b3d84a3046c7d156e72ec963dd29d7fc8a302f55a3d6c5a4ff24259676b15d915aad6480815a969ff2ec0836867
  languageName: node
  linkType: hard

"minimist@npm:^1.2.5":
  version: 1.2.5
  resolution: "minimist@npm:1.2.5"
  checksum: 86706ce5b36c16bfc35c5fe3dbb01d5acdc9a22f2b6cc810b6680656a1d2c0e44a0159c9a3ba51fb072bb5c203e49e10b51dcd0eec39c481f4c42086719bae52
  languageName: node
  linkType: hard

"mkdirp@npm:^0.5.1":
  version: 0.5.5
  resolution: "mkdirp@npm:0.5.5"
  dependencies:
    minimist: ^1.2.5
  bin:
    mkdirp: bin/cmd.js
  checksum: 3bce20ea525f9477befe458ab85284b0b66c8dc3812f94155af07c827175948cdd8114852ac6c6d82009b13c1048c37f6d98743eb019651ee25c39acc8aabe7d
  languageName: node
  linkType: hard

"node.extend@npm:^2.0.0":
  version: 2.0.2
  resolution: "node.extend@npm:2.0.2"
  dependencies:
    has: ^1.0.3
    is: ^3.2.1
  checksum: 1fe3a1ca7fc35392f169c8a46d889d07deb201bba3a20d17df23efab509698c9639737b0c235c9be772a34035e749bae5d477f74c9e26a1b67c78bd7d6dce8e4
  languageName: node
  linkType: hard

"normalize-url@npm:^4.1.0":
  version: 4.5.0
  resolution: "normalize-url@npm:4.5.0"
  checksum: 34e9d01095df5c9348bf75f6cf0552c01438a29119aecdb747eead6ccd36a386209acdc093fc993edd32731b3056ff2977ffab44e4b8eed4d8aafdf0feae90c7
  languageName: node
  linkType: hard

"object-inspect@npm:^1.8.0":
  version: 1.8.0
  resolution: "object-inspect@npm:1.8.0"
  checksum: 1bb4ed43972ad29537bee9b2b3f543d7e6463ee3b929048ecddcb50f7796c418c679ba2104f2e37cd7fa486782b6278b9d1c9cccb4bbc7ca17cd529f3ae4dc1f
  languageName: node
  linkType: hard

"object-keys@npm:^1.0.12, object-keys@npm:^1.1.1":
  version: 1.1.1
  resolution: "object-keys@npm:1.1.1"
  checksum: b363c5e7644b1e1b04aa507e88dcb8e3a2f52b6ffd0ea801e4c7a62d5aa559affe21c55a07fd4b1fd55fc03a33c610d73426664b20032405d7b92a1414c34d6a
  languageName: node
  linkType: hard

"object.assign@npm:^4.1.0, object.assign@npm:^4.1.1":
  version: 4.1.1
  resolution: "object.assign@npm:4.1.1"
  dependencies:
    define-properties: ^1.1.3
    es-abstract: ^1.18.0-next.0
    has-symbols: ^1.0.1
    object-keys: ^1.1.1
  checksum: e2aaf60315e6d9c38beb1c22aeac7d1b1f2f32e43e55efc7ffd580bb10923fff1407a1f1e3be67b990aba524b71ca1c969d0bb9490815746767ab32d943b4afa
  languageName: node
  linkType: hard

"once@npm:^1.3.1, once@npm:^1.4.0":
  version: 1.4.0
  resolution: "once@npm:1.4.0"
  dependencies:
    wrappy: 1
  checksum: cd0a88501333edd640d95f0d2700fbde6bff20b3d4d9bdc521bdd31af0656b5706570d6c6afe532045a20bb8dc0849f8332d6f2a416e0ba6d3d3b98806c7db68
  languageName: node
  linkType: hard

"once@npm:~1.3.0":
  version: 1.3.3
  resolution: "once@npm:1.3.3"
  dependencies:
    wrappy: 1
  checksum: 8e832de08b1d73b470e01690c211cb4fcefccab1fd1bd19e706d572d74d3e9b7e38a8bfcdabdd364f9f868757d9e8e5812a59817dc473eaf698ff3bfae2219f2
  languageName: node
  linkType: hard

"p-cancelable@npm:^2.0.0":
  version: 2.0.0
  resolution: "p-cancelable@npm:2.0.0"
  checksum: dbe887e06ec72a918b3f3d41819aa57b5c4248ddf7162477727046bd2775d6e3e52390521198625599198e9bb5d592f3b0064e96fc0940cdf4e01233e2296664
  languageName: node
  linkType: hard

"p-limit@npm:^2.2.0":
  version: 2.3.0
  resolution: "p-limit@npm:2.3.0"
  dependencies:
    p-try: ^2.0.0
  checksum: 84ff17f1a38126c3314e91ecfe56aecbf36430940e2873dadaa773ffe072dc23b7af8e46d4b6485d302a11673fe94c6b67ca2cfbb60c989848b02100d0594ac1
  languageName: node
  linkType: hard

"p-try@npm:^2.0.0":
  version: 2.2.0
  resolution: "p-try@npm:2.2.0"
  checksum: f8a8e9a7693659383f06aec604ad5ead237c7a261c18048a6e1b5b85a5f8a067e469aa24f5bc009b991ea3b058a87f5065ef4176793a200d4917349881216cae
  languageName: node
  linkType: hard

"path-key@npm:^3.1.0":
  version: 3.1.1
  resolution: "path-key@npm:3.1.1"
  checksum: 55cd7a9dd4b343412a8386a743f9c746ef196e57c823d90ca3ab917f90ab9f13dd0ded27252ba49dbdfcab2b091d998bc446f6220cd3cea65db407502a740020
  languageName: node
  linkType: hard

"path-type@npm:^4.0.0":
  version: 4.0.0
  resolution: "path-type@npm:4.0.0"
  checksum: 5b1e2daa247062061325b8fdbfd1fb56dde0a448fb1455453276ea18c60685bdad23a445dc148cf87bc216be1573357509b7d4060494a6fd768c7efad833ee45
  languageName: node
  linkType: hard

"picomatch@npm:^2.0.5, picomatch@npm:^2.2.1":
  version: 2.2.2
  resolution: "picomatch@npm:2.2.2"
  checksum: 897a589f94665b4fd93e075fa94893936afe3f7bbef44250f0e878a8d9d001972a79589cac2856c24f6f5aa3b0abc9c8ba00c98fae4dc22bc0117188864d4181
  languageName: node
  linkType: hard

"pluralize@npm:^7.0.0":
  version: 7.0.0
  resolution: "pluralize@npm:7.0.0"
  checksum: e3f694924b7c8c03dc9fa40b2312e17787998ac6e20fccace11efa1146046eb9931541bfd247b3ec5535e730d902a5aee7c32681d5bf9a00fc74a72039a3e609
  languageName: node
  linkType: hard

"pretty-bytes@npm:^5.1.0":
  version: 5.4.1
  resolution: "pretty-bytes@npm:5.4.1"
  checksum: 05ca15426a00dcf0b6c89ec814aba8c82916d1a2994c2fdbabbc7b8f01a24bed414da71bacb14d369e37a20060331fa49268b7d2553ea3443c2568198f459361
  languageName: node
  linkType: hard

"promise-deferred@npm:^2.0.3":
  version: 2.0.3
  resolution: "promise-deferred@npm:2.0.3"
  dependencies:
    promise: ^7.3.1
  checksum: 2e640ddd1e21da2543d66e589d6fa970eca8fa3a1e88629db3cd095cb77427536cdc426646bd092f6db05ff5e28e29f0ad87fb4e44d7529af9914e8e4b9e9899
  languageName: node
  linkType: hard

"promise@npm:^7.3.1":
  version: 7.3.1
  resolution: "promise@npm:7.3.1"
  dependencies:
    asap: ~2.0.3
  checksum: 475bb069130179fbd27ed2ab45f26d8862376a137a57314cf53310bdd85cc986a826fd585829be97ebc0aaf10e9d8e68be1bfe5a4a0364144b1f9eedfa940cf1
  languageName: node
  linkType: hard

"promiseback@npm:^2.0.2":
  version: 2.0.3
  resolution: "promiseback@npm:2.0.3"
  dependencies:
    is-callable: ^1.1.5
    promise-deferred: ^2.0.3
  checksum: c4d75176df643be766cd11fca2df38fac83e62a1c5a9e3d5c89acb4d32080ce7f14c74b6794e8ea1d15687edb88df60404882105a47e27aecfa7e45800f68464
  languageName: node
  linkType: hard

"pump@npm:^3.0.0":
  version: 3.0.0
  resolution: "pump@npm:3.0.0"
  dependencies:
    end-of-stream: ^1.1.0
    once: ^1.3.1
  checksum: e42e9229fba14732593a718b04cb5e1cfef8254544870997e0ecd9732b189a48e1256e4e5478148ecb47c8511dca2b09eae56b4d0aad8009e6fac8072923cfc9
  languageName: node
  linkType: hard

"quick-lru@npm:^5.1.1":
  version: 5.1.1
  resolution: "quick-lru@npm:5.1.1"
  checksum: a516faa25574be7947969883e6068dbe4aa19e8ef8e8e0fd96cddd6d36485e9106d85c0041a27153286b0770b381328f4072aa40d3b18a19f5f7d2b78b94b5ed
  languageName: node
  linkType: hard

"readable-stream@npm:^3.1.1, readable-stream@npm:^3.4.0":
  version: 3.6.0
  resolution: "readable-stream@npm:3.6.0"
  dependencies:
    inherits: ^2.0.3
    string_decoder: ^1.1.1
    util-deprecate: ^1.0.1
  checksum: d4ea81502d3799439bb955a3a5d1d808592cf3133350ed352aeaa499647858b27b1c4013984900238b0873ec8d0d8defce72469fb7a83e61d53f5ad61cb80dc8
  languageName: node
  linkType: hard

"repeat-string@npm:^1.6.1":
  version: 1.6.1
  resolution: "repeat-string@npm:1.6.1"
  checksum: 1b809fc6db97decdc68f5b12c4d1a671c8e3f65ec4a40c238bc5200e44e85bcc52a54f78268ab9c29fcf5fe4f1343e805420056d1f30fa9a9ee4c2d93e3cc6c0
  languageName: node
  linkType: hard

"resolve-alpn@npm:^1.0.0":
  version: 1.0.0
  resolution: "resolve-alpn@npm:1.0.0"
  checksum: 146b739f14fad759bc137e7642b4859a7d7a290b61e00db37a468f159932ccefe610006604e6aa7ba2a2991cbd627246f0c74717e8942b7c805c346da35c3f3f
  languageName: node
  linkType: hard

"responselike@npm:^2.0.0":
  version: 2.0.0
  resolution: "responselike@npm:2.0.0"
  dependencies:
    lowercase-keys: ^2.0.0
  checksum: 6a4d32c37d4e88678ae0a9d69fcc90aafa15b1a3eab455bd65c06af3c6c4976afc47d07a0e5a60d277ab041a465f43bf0a581e0d7ab33786e7a7741573f2e487
  languageName: node
  linkType: hard

"reusify@npm:^1.0.4":
  version: 1.0.4
  resolution: "reusify@npm:1.0.4"
  checksum: c3076ebcc22a6bc252cb0b9c77561795256c22b757f40c0d8110b1300723f15ec0fc8685e8d4ea6d7666f36c79ccc793b1939c748bf36f18f542744a4e379fcc
  languageName: node
  linkType: hard

"run-parallel@npm:^1.1.9":
  version: 1.1.9
  resolution: "run-parallel@npm:1.1.9"
  checksum: 8bbeda89c2c1dbfeaa0cdb9f17e93a011ac58ef77339ef1e61a62208b67c8e7b661891df677bb7c5be84b8792e27061177368d500b3c731bb019b0c71e667591
  languageName: node
  linkType: hard

"safe-buffer@npm:~5.2.0":
  version: 5.2.1
  resolution: "safe-buffer@npm:5.2.1"
  checksum: b99c4b41fdd67a6aaf280fcd05e9ffb0813654894223afb78a31f14a19ad220bba8aba1cb14eddce1fcfb037155fe6de4e861784eb434f7d11ed58d1e70dd491
  languageName: node
  linkType: hard

"safer-buffer@npm:^2.0.2":
  version: 2.1.2
  resolution: "safer-buffer@npm:2.1.2"
  checksum: cab8f25ae6f1434abee8d80023d7e72b598cf1327164ddab31003c51215526801e40b66c5e65d658a0af1e9d6478cadcb4c745f4bd6751f97d8644786c0978b0
  languageName: node
  linkType: hard

"semver@npm:^7.1.2":
  version: 7.3.2
  resolution: "semver@npm:7.3.2"
  bin:
    semver: bin/semver.js
  checksum: 692f4900dadb43919614b0df9af23fe05743051cda0d1735b5e4d76f93c9e43a266fae73cfc928f5d1489f022c5c0e65dfd2900fcf5b1839c4e9a239729afa7b
  languageName: node
  linkType: hard

"shared@workspace:*, shared@workspace:packages/shared":
  version: 0.0.0-use.local
  resolution: "shared@workspace:packages/shared"
  dependencies:
    "@types/node": ^14.11.2
    tslib: ^2.0.1
  peerDependencies:
    lodash: "*"
  languageName: unknown
  linkType: soft

"shebang-command@npm:^2.0.0":
  version: 2.0.0
  resolution: "shebang-command@npm:2.0.0"
  dependencies:
    shebang-regex: ^3.0.0
  checksum: 6b52fe87271c12968f6a054e60f6bde5f0f3d2db483a1e5c3e12d657c488a15474121a1d55cd958f6df026a54374ec38a4a963988c213b7570e1d51575cea7fa
  languageName: node
  linkType: hard

"shebang-regex@npm:^3.0.0":
  version: 3.0.0
  resolution: "shebang-regex@npm:3.0.0"
  checksum: 1a2bcae50de99034fcd92ad4212d8e01eedf52c7ec7830eedcf886622804fe36884278f2be8be0ea5fde3fd1c23911643a4e0f726c8685b61871c8908af01222
  languageName: node
  linkType: hard

"slash@npm:^3.0.0":
  version: 3.0.0
  resolution: "slash@npm:3.0.0"
  checksum: 94a93fff615f25a999ad4b83c9d5e257a7280c90a32a7cb8b4a87996e4babf322e469c42b7f649fd5796edd8687652f3fb452a86dc97a816f01113183393f11c
  languageName: node
  linkType: hard

"sprintf-js@npm:~1.0.2":
  version: 1.0.3
  resolution: "sprintf-js@npm:1.0.3"
  checksum: 19d79aec211f09b99ec3099b5b2ae2f6e9cdefe50bc91ac4c69144b6d3928a640bb6ae5b3def70c2e85a2c3d9f5ec2719921e3a59d3ca3ef4b2fd1a4656a0df3
  languageName: node
  linkType: hard

"stream-buffers@npm:^3.0.2":
  version: 3.0.2
  resolution: "stream-buffers@npm:3.0.2"
  checksum: b09fdeea606e3113ebd0e07010ed0cf038608fa396130add9e45deaff5cc3ba845dc25c31ad24f8341f85907846344cb7c85f75ea52c6572e2ac646e9b6072d0
  languageName: node
  linkType: hard

"stream-to-array@npm:~2.3.0":
  version: 2.3.0
  resolution: "stream-to-array@npm:2.3.0"
  dependencies:
    any-promise: ^1.1.0
  checksum: 7feaf63b38399b850615e6ffcaa951e96e4c8f46745dbce4b553a94c5dc43966933813747014935a3ff97793e7f30a65270bde19f82b2932871a1879229a77cf
  languageName: node
  linkType: hard

"stream-to-promise@npm:^2.2.0":
  version: 2.2.0
  resolution: "stream-to-promise@npm:2.2.0"
  dependencies:
    any-promise: ~1.3.0
    end-of-stream: ~1.1.0
    stream-to-array: ~2.3.0
  checksum: 2c9ddb69c34d10ad27eb06197abc93fd1b1cd5f9597ead28ade4d6c57f4110d948a2ef14530f2f7b3b967f74f3554b57c38a4501b72a13b27fc8745bd7190d1d
  languageName: node
  linkType: hard

"string.prototype.trimend@npm:^1.0.1":
  version: 1.0.1
  resolution: "string.prototype.trimend@npm:1.0.1"
  dependencies:
    define-properties: ^1.1.3
    es-abstract: ^1.17.5
  checksum: e4e2c21f0145a6fa8c111b1bee6075d509a40702611329bcebd7ffc5cc13562cfa99636faeacccbea306d01c023dc763ce0cf38cf5d7b654705b74847b0f0e57
  languageName: node
  linkType: hard

"string.prototype.trimstart@npm:^1.0.1":
  version: 1.0.1
  resolution: "string.prototype.trimstart@npm:1.0.1"
  dependencies:
    define-properties: ^1.1.3
    es-abstract: ^1.17.5
  checksum: 0fe3cad8d597a418b058b6ec2d5c48b73172c71cb60089a0a38373eb3c2d501c4d9a00bbfad90e581c2ecf136f10f85a9dc664390e059b805dae9e4707465e0f
  languageName: node
  linkType: hard

"string_decoder@npm:^1.1.1":
  version: 1.3.0
  resolution: "string_decoder@npm:1.3.0"
  dependencies:
    safe-buffer: ~5.2.0
  checksum: 8417646695a66e73aefc4420eb3b84cc9ffd89572861fe004e6aeb13c7bc00e2f616247505d2dbbef24247c372f70268f594af7126f43548565c68c117bdeb56
  languageName: node
  linkType: hard

"supports-color@npm:^7.1.0":
  version: 7.2.0
  resolution: "supports-color@npm:7.2.0"
  dependencies:
    has-flag: ^4.0.0
  checksum: 3dda818de06ebbe5b9653e07842d9479f3555ebc77e9a0280caf5a14fb877ffee9ed57007c3b78f5a6324b8dbeec648d9e97a24e2ed9fdb81ddc69ea07100f4a
  languageName: node
  linkType: hard

"tar-stream@npm:^2.0.1":
  version: 2.1.4
  resolution: "tar-stream@npm:2.1.4"
  dependencies:
    bl: ^4.0.3
    end-of-stream: ^1.4.1
    fs-constants: ^1.0.0
    inherits: ^2.0.3
    readable-stream: ^3.1.1
  checksum: ba02688aa2ff5f8eb7d8bcba1a51819b0dc436f37ab983d6f21d0638ee19c340b902f2a929847a57597a0bd26c1c35d923b488ed83b6785956ddebbdfed56660
  languageName: node
  linkType: hard

"to-regex-range@npm:^5.0.1":
  version: 5.0.1
  resolution: "to-regex-range@npm:5.0.1"
  dependencies:
    is-number: ^7.0.0
  checksum: f76fa01b3d5be85db6a2a143e24df9f60dd047d151062d0ba3df62953f2f697b16fe5dad9b0ac6191c7efc7b1d9dcaa4b768174b7b29da89d4428e64bc0a20ed
  languageName: node
  linkType: hard

"treeify@npm:^1.1.0":
  version: 1.1.0
  resolution: "treeify@npm:1.1.0"
  checksum: aa00dded220c1dd052573bd6fc2c52862f09870851a284f0d3650d72bf913ba9b4f6b824f4f1ab81899bae29375f4266b07fe47cbf82343a1efa13cc09ce87af
  languageName: node
  linkType: hard

"tslib@npm:^1.13.0":
  version: 1.13.0
  resolution: "tslib@npm:1.13.0"
  checksum: 50e9327361f94f328c0715582a7f725f69838ab3c2559d143643c5367262fe14552768ba8cfc65bc7dc924a619aea599b3a28b6653458cdca77bbebaf9bc8df4
  languageName: node
  linkType: hard

"tslib@npm:^2.0.1":
  version: 2.0.1
  resolution: "tslib@npm:2.0.1"
  checksum: 507f32fc24a614c5097d414b622373b6cbb99e305413517e7fd49bef1e63570c0dd15b417ae68152088c3496218e82a5d8c7cd6b48c7a32dcee1a3f7191fff74
  languageName: node
  linkType: hard

"tunnel@npm:^0.0.6":
  version: 0.0.6
  resolution: "tunnel@npm:0.0.6"
  checksum: c362948df9ad34b649b5585e54ce2838fa583aa3037091aaed66793c65b423a264e5229f0d7e9a95513a795ac2bd4cb72cda7e89a74313f182c1e9ae0b0994fa
  languageName: node
  linkType: hard

typescript@^4.3.5:
  version: 4.3.5
  resolution: "typescript@npm:4.3.5"
  bin:
    tsc: bin/tsc
    tsserver: bin/tsserver
  checksum: bab033b5e2b0790dd35b77fd005df976ef80b8d84fd2c6e63cc31808151875beae9216e5a315fe7068e8499905c3c354248fe83272cdfc13b7705635f0c66c97
  languageName: node
  linkType: hard

"typescript@patch:typescript@^4.3.5#~builtin<compat/typescript>":
  version: 4.3.5
  resolution: "typescript@patch:typescript@npm%3A4.3.5#~builtin<compat/typescript>::version=4.3.5&hash=d8b4e7"
  bin:
    tsc: bin/tsc
    tsserver: bin/tsserver
  checksum: bc2c4fdf0f1557fdafe4ef74848c72ebd9c8c60829568248f869121aea2bb20e16649a252431d0acb185ec118143be22bed73d08f64379557810d82756afedde
  languageName: node
  linkType: hard

"underscore@npm:^1.7.0":
  version: 1.11.0
  resolution: "underscore@npm:1.11.0"
  checksum: 3212c604071b2ae2ecbd7c52f954c90c9c81bbcfce18e8d0213f503d261a4cbfaabda29e87ec9e308809b8334bc2e9d48a5ae2c85442c098c9b20fb082f4db81
  languageName: node
  linkType: hard

"util-deprecate@npm:^1.0.1":
  version: 1.0.2
  resolution: "util-deprecate@npm:1.0.2"
  checksum: 474acf1146cb2701fe3b074892217553dfcf9a031280919ba1b8d651a068c9b15d863b7303cb15bd00a862b498e6cf4ad7b4a08fb134edd5a6f7641681cb54a2
  languageName: node
  linkType: hard

"which@npm:^2.0.1":
  version: 2.0.2
  resolution: "which@npm:2.0.2"
  dependencies:
    isexe: ^2.0.0
  bin:
    node-which: ./bin/node-which
  checksum: 1a5c563d3c1b52d5f893c8b61afe11abc3bab4afac492e8da5bde69d550de701cf9806235f20a47b5c8fa8a1d6a9135841de2596535e998027a54589000e66d1
  languageName: node
  linkType: hard

"wrappy@npm:1":
  version: 1.0.2
  resolution: "wrappy@npm:1.0.2"
  checksum: 159da4805f7e84a3d003d8841557196034155008f817172d4e986bd591f74aa82aa7db55929a54222309e01079a65a92a9e6414da5a6aa4b01ee44a511ac3ee5
  languageName: node
  linkType: hard

"yarn-pnp-composite@workspace:.":
  version: 0.0.0-use.local
  resolution: "yarn-pnp-composite@workspace:."
  dependencies:
    "@yarnpkg/pnpify": ^2.3.1
    typescript: ^4.3.5
  dependenciesMeta:
    typescript@4.3.5:
      unplugged: true
  languageName: unknown
  linkType: soft
