# This file is generated by running "yarn install" inside your project.
# Manual changes might be lost - proceed with caution!

__metadata:
  version: 4
  cacheKey: 7

"@types/lodash@npm:^4.14.168":
  version: 4.14.168
  resolution: "@types/lodash@npm:4.14.168"
  checksum: 9a4e25f89fc035b9f0388f1f7be85e5eff49f9e6db0d93432c9a89fce0916f8a89db4e8290415f7ea02de6b00d3573826378dcb655b7b2d20530a6e8d6dd6fd0
  languageName: node
  linkType: hard

"lodash@npm:^4.17.21":
  version: 4.17.21
  resolution: "lodash@npm:4.17.21"
  checksum: 4983720b9abca930a4a46f18db163d7dad8dd00dbed6db0cc7b499b33b717cce69f80928b27bbb1ff2cbd3b19d251ee90669a8b5ea466072ca81c2ebe91e7468
  languageName: node
  linkType: hard

"nm-app@workspace:.":
  version: 0.0.0-use.local
  resolution: "nm-app@workspace:."
  dependencies:
    "@types/lodash": ^4.14.168
    lodash: ^4.17.21
  languageName: unknown
  linkType: soft
